{
  "object": {
    "pins": [
      {
        "package": "PrinceOfVersions",
        "repositoryURL": "/Users/jaco/Infinum/Infinum_projects/ios-prince-of-versions/iOS-prince-of-versions/",
        "state": {
          "branch": "feature/additinal-deploy-supports",
          "revision": "c9a0a6b9d3acda4e645aefb19593dbbfb82144b6",
          "version": null
        }
      }
    ]
  },
  "version": 1
}
