{
  "object": {
    "pins": [
      {
        "package": "PrinceOfVersions",
        "repositoryURL": "/Users/jaco/Infinum/Infinum_projects/ios-prince-of-versions/iOS-prince-of-versions/",
        "state": {
          "branch": "feature/additinal-deploy-supports",
          "revision": "42021f79798b6a1f242ea1bb888e2660768d6dd1",
          "version": null
        }
      }
    ]
  },
  "version": 1
}
