{
  "object": {
    "pins": [
      {
        "package": "PrinceOfVersions",
        "repositoryURL": "/Users/jaco/Infinum/Infinum_projects/ios-prince-of-versions/iOS-prince-of-versions/",
        "state": {
          "branch": "feature/additinal-deploy-supports",
          "revision": "96542b0e97d646eb31a9a3d284b3795e2e6a4497",
          "version": null
        }
      }
    ]
  },
  "version": 1
}
